
Microsoft Visual Studio Solution File, Format Version 9.00
# Visual Studio 2005
Project("{FAE04EC0-301F-11D3-BF4B-00C04F79EFBC}") = "ConsoleDemo", "ConsoleDemo\ConsoleDemo.csproj", "{0D056F76-0F9B-4953-9D05-7FCFE62DBBDB}"
EndProject
Global
	GlobalSection(TeamFoundationVersionControl) = preSolution
		SccNumberOfProjects = 2
		SccEnterpriseProvider = {4CA58AB2-18FA-4F8D-95D4-32DDF27D184C}
		SccTeamFoundationServer = https://tfs01.codeplex.com/
		SccLocalPath0 = .
		SccProjectUniqueName1 = ConsoleDemo\\ConsoleDemo.csproj
		SccProjectName1 = ConsoleDemo
		SccLocalPath1 = ConsoleDemo
	EndGlobalSection
	GlobalSection(TextTemplating) = postSolution
		TextTemplating = 1
	EndGlobalSection
	GlobalSection(SolutionConfigurationPlatforms) = preSolution
		Debug|Any CPU = Debug|Any CPU
		Release|Any CPU = Release|Any CPU
	EndGlobalSection
	GlobalSection(ProjectConfigurationPlatforms) = postSolution
		{0D056F76-0F9B-4953-9D05-7FCFE62DBBDB}.Debug|Any CPU.ActiveCfg = Debug|Any CPU
		{0D056F76-0F9B-4953-9D05-7FCFE62DBBDB}.Debug|Any CPU.Build.0 = Debug|Any CPU
		{0D056F76-0F9B-4953-9D05-7FCFE62DBBDB}.Release|Any CPU.ActiveCfg = Release|Any CPU
		{0D056F76-0F9B-4953-9D05-7FCFE62DBBDB}.Release|Any CPU.Build.0 = Release|Any CPU
	EndGlobalSection
	GlobalSection(SolutionProperties) = preSolution
		HideSolutionNode = FALSE
	EndGlobalSection
EndGlobal
