
Microsoft Visual Studio Solution File, Format Version 9.00
# Visual Studio 2005
Project("{FAE04EC0-301F-11D3-BF4B-00C04F79EFBC}") = "Xsp", "Source\Xsp.csproj", "{20377FF8-2E44-4096-839E-EE27C9DD23C2}"
	ProjectSection(WebsiteProperties) = preProject
		Debug.AspNetCompiler.Debug = "True"
		Release.AspNetCompiler.Debug = "False"
	EndProjectSection
EndProject
Project("{2150E333-8FDC-42A3-9474-1A3956D46DE8}") = "Solution Items", "Solution Items", "{9C87130D-869E-4D60-8408-D8F553E8C200}"
	ProjectSection(WebsiteProperties) = preProject
		Debug.AspNetCompiler.Debug = "True"
		Release.AspNetCompiler.Debug = "False"
	EndProjectSection
	ProjectSection(SolutionItems) = preProject
		Core.vsmdi = Core.vsmdi
		localtestrun.testrunconfig = localtestrun.testrunconfig
	EndProjectSection
	ProjectSection(FolderStartupServices) = postProject
		{B4F97281-0DBD-4835-9ED8-7DFB966E87FF} = {B4F97281-0DBD-4835-9ED8-7DFB966E87FF}
	EndProjectSection
EndProject
Project("{FAE04EC0-301F-11D3-BF4B-00C04F79EFBC}") = "Xsp.Tests.NUnit", "UnitTests\Xsp.Tests.NUnit.csproj", "{DDA6527C-5504-413C-98C6-D9D9A96C1CFF}"
	ProjectSection(WebsiteProperties) = preProject
		Debug.AspNetCompiler.Debug = "True"
		Release.AspNetCompiler.Debug = "False"
	EndProjectSection
EndProject
Project("{FAE04EC0-301F-11D3-BF4B-00C04F79EFBC}") = "Xsp.Tests.VSTS", "UnitTests\Xsp.Tests.VSTS.csproj", "{DD4BD4B4-5558-4A79-B9FB-04D920ED400F}"
	ProjectSection(WebsiteProperties) = preProject
		Debug.AspNetCompiler.Debug = "True"
		Release.AspNetCompiler.Debug = "False"
	EndProjectSection
EndProject
Project("{2150E333-8FDC-42A3-9474-1A3956D46DE8}") = "Samples", "Samples", "{1EB46B65-B198-47B0-B803-3856CFB2E444}"
	ProjectSection(WebsiteProperties) = preProject
		Debug.AspNetCompiler.Debug = "True"
		Release.AspNetCompiler.Debug = "False"
	EndProjectSection
	ProjectSection(FolderStartupServices) = postProject
		{B4F97281-0DBD-4835-9ED8-7DFB966E87FF} = {B4F97281-0DBD-4835-9ED8-7DFB966E87FF}
	EndProjectSection
EndProject
Project("{FAE04EC0-301F-11D3-BF4B-00C04F79EFBC}") = "ObjectModelParsing", "Samples\ObjectModelParsing\ObjectModelParsing.csproj", "{FAEE1E98-2EB2-4D48-B71B-223C3161B398}"
	ProjectSection(WebsiteProperties) = preProject
		Debug.AspNetCompiler.Debug = "True"
		Release.AspNetCompiler.Debug = "False"
	EndProjectSection
EndProject
Global
	GlobalSection(TeamFoundationVersionControl) = preSolution
		SccNumberOfProjects = 5
		SccEnterpriseProvider = {4CA58AB2-18FA-4F8D-95D4-32DDF27D184C}
		SccTeamFoundationServer = https://tfs01.codeplex.com/
		SccProjectUniqueName0 = Samples\\ObjectModelParsing\\ObjectModelParsing.csproj
		SccProjectTopLevelParentUniqueName0 = Mvp.Xml.Xsp.sln
		SccProjectName0 = Samples/ObjectModelParsing
		SccLocalPath0 = Samples\\ObjectModelParsing
		SccLocalPath1 = .
		SccProjectUniqueName2 = Source\\Xsp.csproj
		SccProjectName2 = Source
		SccLocalPath2 = Source
		SccProjectUniqueName3 = UnitTests\\Xsp.Tests.NUnit.csproj
		SccProjectName3 = UnitTests
		SccLocalPath3 = UnitTests
		SccProjectUniqueName4 = UnitTests\\Xsp.Tests.VSTS.csproj
		SccProjectName4 = UnitTests
		SccLocalPath4 = UnitTests
	EndGlobalSection
	GlobalSection(TestCaseManagementSettings) = postSolution
		CategoryFile = Core.vsmdi
	EndGlobalSection
	GlobalSection(TextTemplating) = postSolution
		TextTemplating = 1
	EndGlobalSection
	GlobalSection(SolutionConfigurationPlatforms) = preSolution
		Debug|Any CPU = Debug|Any CPU
		Release|Any CPU = Release|Any CPU
	EndGlobalSection
	GlobalSection(ProjectConfigurationPlatforms) = postSolution
		{20377FF8-2E44-4096-839E-EE27C9DD23C2}.Debug|Any CPU.ActiveCfg = Debug|Any CPU
		{20377FF8-2E44-4096-839E-EE27C9DD23C2}.Debug|Any CPU.Build.0 = Debug|Any CPU
		{20377FF8-2E44-4096-839E-EE27C9DD23C2}.Release|Any CPU.ActiveCfg = Release|Any CPU
		{20377FF8-2E44-4096-839E-EE27C9DD23C2}.Release|Any CPU.Build.0 = Release|Any CPU
		{DDA6527C-5504-413C-98C6-D9D9A96C1CFF}.Debug|Any CPU.ActiveCfg = Debug|Any CPU
		{DDA6527C-5504-413C-98C6-D9D9A96C1CFF}.Debug|Any CPU.Build.0 = Debug|Any CPU
		{DDA6527C-5504-413C-98C6-D9D9A96C1CFF}.Release|Any CPU.ActiveCfg = Release|Any CPU
		{DDA6527C-5504-413C-98C6-D9D9A96C1CFF}.Release|Any CPU.Build.0 = Release|Any CPU
		{DD4BD4B4-5558-4A79-B9FB-04D920ED400F}.Debug|Any CPU.ActiveCfg = Debug|Any CPU
		{DD4BD4B4-5558-4A79-B9FB-04D920ED400F}.Debug|Any CPU.Build.0 = Debug|Any CPU
		{DD4BD4B4-5558-4A79-B9FB-04D920ED400F}.Release|Any CPU.ActiveCfg = Release|Any CPU
		{DD4BD4B4-5558-4A79-B9FB-04D920ED400F}.Release|Any CPU.Build.0 = Release|Any CPU
		{FAEE1E98-2EB2-4D48-B71B-223C3161B398}.Debug|Any CPU.ActiveCfg = Debug|Any CPU
		{FAEE1E98-2EB2-4D48-B71B-223C3161B398}.Debug|Any CPU.Build.0 = Debug|Any CPU
		{FAEE1E98-2EB2-4D48-B71B-223C3161B398}.Release|Any CPU.ActiveCfg = Release|Any CPU
		{FAEE1E98-2EB2-4D48-B71B-223C3161B398}.Release|Any CPU.Build.0 = Release|Any CPU
	EndGlobalSection
	GlobalSection(SolutionProperties) = preSolution
		HideSolutionNode = FALSE
	EndGlobalSection
	GlobalSection(NestedProjects) = preSolution
		{FAEE1E98-2EB2-4D48-B71B-223C3161B398} = {1EB46B65-B198-47B0-B803-3856CFB2E444}
	EndGlobalSection
EndGlobal
