
Microsoft Visual Studio Solution File, Format Version 9.00
# Visual Studio 2005
Project("{FAE04EC0-301F-11D3-BF4B-00C04F79EFBC}") = "Mvp.Xml.TypedTemplate.Tests", "Mvp.Xml.TypedTemplate.Tests\Mvp.Xml.TypedTemplate.Tests.csproj", "{F2091CF8-228B-4837-BA51-D715BA1F0DF9}"
EndProject
Project("{2150E333-8FDC-42A3-9474-1A3956D46DE8}") = "Solution Items", "Solution Items", "{A228B0D6-9C7D-4555-847A-04D3AF15CEC7}"
	ProjectSection(SolutionItems) = preProject
		localtestrun.testrunconfig = localtestrun.testrunconfig
		Mvp.Xml.TypedTemplate.vsmdi = Mvp.Xml.TypedTemplate.vsmdi
	EndProjectSection
	ProjectSection(FolderStartupServices) = postProject
		{B4F97281-0DBD-4835-9ED8-7DFB966E87FF} = {B4F97281-0DBD-4835-9ED8-7DFB966E87FF}
	EndProjectSection
EndProject
Project("{FAE04EC0-301F-11D3-BF4B-00C04F79EFBC}") = "Mvp.Xml.TypedTemplate", "Mvp.Xml.TypedTemplate\Mvp.Xml.TypedTemplate.csproj", "{8B71C979-C8B1-430D-9BD7-067884FA9F9C}"
EndProject
Project("{FAE04EC0-301F-11D3-BF4B-00C04F79EFBC}") = "Mvp.Xml.TypedTemplate.VisualStudio", "Mvp.Xml.TypedTemplate.VisualStudio\Mvp.Xml.TypedTemplate.VisualStudio.csproj", "{B591C5A7-D7AA-4497-94A0-41B5F8001613}"
EndProject
Project("{54435603-DBB4-11D2-8724-00A0C9A8B90C}") = "Setup", "Setup\Setup.vdproj", "{49B994C6-20A2-43AE-839B-57A2F469BF09}"
EndProject
Global
	GlobalSection(TeamFoundationVersionControl) = preSolution
		SccNumberOfProjects = 5
		SccEnterpriseProvider = {4CA58AB2-18FA-4F8D-95D4-32DDF27D184C}
		SccTeamFoundationServer = https://tfs01.codeplex.com/
		SccLocalPath0 = .
		SccProjectUniqueName1 = Mvp.Xml.TypedTemplate.Tests\\Mvp.Xml.TypedTemplate.Tests.csproj
		SccProjectName1 = Mvp.Xml.TypedTemplate.Tests
		SccLocalPath1 = Mvp.Xml.TypedTemplate.Tests
		SccProjectUniqueName2 = Mvp.Xml.TypedTemplate\\Mvp.Xml.TypedTemplate.csproj
		SccProjectName2 = Mvp.Xml.TypedTemplate
		SccLocalPath2 = Mvp.Xml.TypedTemplate
		SccProjectUniqueName3 = Mvp.Xml.TypedTemplate.VisualStudio\\Mvp.Xml.TypedTemplate.VisualStudio.csproj
		SccProjectName3 = Mvp.Xml.TypedTemplate.VisualStudio
		SccLocalPath3 = Mvp.Xml.TypedTemplate.VisualStudio
		SccProjectUniqueName4 = Setup\\Setup.vdproj
		SccProjectName4 = Setup
		SccLocalPath4 = Setup
	EndGlobalSection
	GlobalSection(TestCaseManagementSettings) = postSolution
		CategoryFile = Mvp.Xml.TypedTemplate.vsmdi
	EndGlobalSection
	GlobalSection(TextTemplating) = postSolution
		TextTemplating = 1
	EndGlobalSection
	GlobalSection(SolutionConfigurationPlatforms) = preSolution
		Debug|Any CPU = Debug|Any CPU
		Release|Any CPU = Release|Any CPU
	EndGlobalSection
	GlobalSection(ProjectConfigurationPlatforms) = postSolution
		{F2091CF8-228B-4837-BA51-D715BA1F0DF9}.Debug|Any CPU.ActiveCfg = Debug|Any CPU
		{F2091CF8-228B-4837-BA51-D715BA1F0DF9}.Debug|Any CPU.Build.0 = Debug|Any CPU
		{F2091CF8-228B-4837-BA51-D715BA1F0DF9}.Release|Any CPU.ActiveCfg = Release|Any CPU
		{F2091CF8-228B-4837-BA51-D715BA1F0DF9}.Release|Any CPU.Build.0 = Release|Any CPU
		{8B71C979-C8B1-430D-9BD7-067884FA9F9C}.Debug|Any CPU.ActiveCfg = Debug|Any CPU
		{8B71C979-C8B1-430D-9BD7-067884FA9F9C}.Debug|Any CPU.Build.0 = Debug|Any CPU
		{8B71C979-C8B1-430D-9BD7-067884FA9F9C}.Release|Any CPU.ActiveCfg = Release|Any CPU
		{8B71C979-C8B1-430D-9BD7-067884FA9F9C}.Release|Any CPU.Build.0 = Release|Any CPU
		{B591C5A7-D7AA-4497-94A0-41B5F8001613}.Debug|Any CPU.ActiveCfg = Debug|Any CPU
		{B591C5A7-D7AA-4497-94A0-41B5F8001613}.Debug|Any CPU.Build.0 = Debug|Any CPU
		{B591C5A7-D7AA-4497-94A0-41B5F8001613}.Release|Any CPU.ActiveCfg = Release|Any CPU
		{B591C5A7-D7AA-4497-94A0-41B5F8001613}.Release|Any CPU.Build.0 = Release|Any CPU
		{49B994C6-20A2-43AE-839B-57A2F469BF09}.Debug|Any CPU.ActiveCfg = Debug
		{49B994C6-20A2-43AE-839B-57A2F469BF09}.Debug|Any CPU.Build.0 = Debug
		{49B994C6-20A2-43AE-839B-57A2F469BF09}.Release|Any CPU.ActiveCfg = Release
		{49B994C6-20A2-43AE-839B-57A2F469BF09}.Release|Any CPU.Build.0 = Release
	EndGlobalSection
	GlobalSection(SolutionProperties) = preSolution
		HideSolutionNode = FALSE
	EndGlobalSection
EndGlobal
